
Microsoft Visual Studio Solution File, Format Version 12.00
# Visual Studio 15
VisualStudioVersion = 15.0.27428.2011
MinimumVisualStudioVersion = 10.0.40219.1
Project("{FAE04EC0-301F-11D3-BF4B-00C04F79EFBC}") = "Exercise_1", "Exercise_1\Exercise_1.csproj", "{DDE0675D-97AA-4D1F-84CD-A2E9D1027883}"
EndProject
Project("{FAE04EC0-301F-11D3-BF4B-00C04F79EFBC}") = "Exercise_2", "Exercise_2\Exercise_2.csproj", "{28DD2CF6-AA65-4C62-A00D-45AE8043B20E}"
EndProject
Project("{FAE04EC0-301F-11D3-BF4B-00C04F79EFBC}") = "Exercise_3", "Exercise_3\Exercise_3.csproj", "{00E139C7-9077-4D7E-BFED-AD70DFB04DBD}"
EndProject
Project("{FAE04EC0-301F-11D3-BF4B-00C04F79EFBC}") = "Exercise_4", "Exercise_4\Exercise_4.csproj", "{58EE69FE-9748-4BA2-9C4C-6515A7EB5988}"
EndProject
Project("{FAE04EC0-301F-11D3-BF4B-00C04F79EFBC}") = "Exercise_5", "Exercise_5\Exercise_5.csproj", "{6A2FCB34-5186-4270-A8B4-571588719F3B}"
EndProject
Global
	GlobalSection(SolutionConfigurationPlatforms) = preSolution
		Debug|Any CPU = Debug|Any CPU
		Release|Any CPU = Release|Any CPU
	EndGlobalSection
	GlobalSection(ProjectConfigurationPlatforms) = postSolution
		{DDE0675D-97AA-4D1F-84CD-A2E9D1027883}.Debug|Any CPU.ActiveCfg = Debug|Any CPU
		{DDE0675D-97AA-4D1F-84CD-A2E9D1027883}.Debug|Any CPU.Build.0 = Debug|Any CPU
		{DDE0675D-97AA-4D1F-84CD-A2E9D1027883}.Release|Any CPU.ActiveCfg = Release|Any CPU
		{DDE0675D-97AA-4D1F-84CD-A2E9D1027883}.Release|Any CPU.Build.0 = Release|Any CPU
		{28DD2CF6-AA65-4C62-A00D-45AE8043B20E}.Debug|Any CPU.ActiveCfg = Debug|Any CPU
		{28DD2CF6-AA65-4C62-A00D-45AE8043B20E}.Debug|Any CPU.Build.0 = Debug|Any CPU
		{28DD2CF6-AA65-4C62-A00D-45AE8043B20E}.Release|Any CPU.ActiveCfg = Release|Any CPU
		{28DD2CF6-AA65-4C62-A00D-45AE8043B20E}.Release|Any CPU.Build.0 = Release|Any CPU
		{00E139C7-9077-4D7E-BFED-AD70DFB04DBD}.Debug|Any CPU.ActiveCfg = Debug|Any CPU
		{00E139C7-9077-4D7E-BFED-AD70DFB04DBD}.Debug|Any CPU.Build.0 = Debug|Any CPU
		{00E139C7-9077-4D7E-BFED-AD70DFB04DBD}.Release|Any CPU.ActiveCfg = Release|Any CPU
		{00E139C7-9077-4D7E-BFED-AD70DFB04DBD}.Release|Any CPU.Build.0 = Release|Any CPU
		{58EE69FE-9748-4BA2-9C4C-6515A7EB5988}.Debug|Any CPU.ActiveCfg = Debug|Any CPU
		{58EE69FE-9748-4BA2-9C4C-6515A7EB5988}.Debug|Any CPU.Build.0 = Debug|Any CPU
		{58EE69FE-9748-4BA2-9C4C-6515A7EB5988}.Release|Any CPU.ActiveCfg = Release|Any CPU
		{58EE69FE-9748-4BA2-9C4C-6515A7EB5988}.Release|Any CPU.Build.0 = Release|Any CPU
		{6A2FCB34-5186-4270-A8B4-571588719F3B}.Debug|Any CPU.ActiveCfg = Debug|Any CPU
		{6A2FCB34-5186-4270-A8B4-571588719F3B}.Debug|Any CPU.Build.0 = Debug|Any CPU
		{6A2FCB34-5186-4270-A8B4-571588719F3B}.Release|Any CPU.ActiveCfg = Release|Any CPU
		{6A2FCB34-5186-4270-A8B4-571588719F3B}.Release|Any CPU.Build.0 = Release|Any CPU
	EndGlobalSection
	GlobalSection(SolutionProperties) = preSolution
		HideSolutionNode = FALSE
	EndGlobalSection
	GlobalSection(ExtensibilityGlobals) = postSolution
		SolutionGuid = {C79A7B3B-E8F4-42CE-B0BD-98EC0467FC37}
	EndGlobalSection
EndGlobal
